{
  "originHash" : "986626fa7600cafa951767cfe7e6608ee9ab5c40b861de57bef3f936659225c8",
  "pins" : [
    {
      "identity" : "alerttoast",
      "kind" : "remoteSourceControl",
      "location" : "https://github.com/elai950/AlertToast",
      "state" : {
        "branch" : "master",
        "revision" : "76a1c1793cd3443001c20c6033beb84453b25d9f"
      }
    },
    {
      "identity" : "kingfisher",
      "kind" : "remoteSourceControl",
      "location" : "https://github.com/onevcat/Kingfisher",
      "state" : {
        "revision" : "4c6b067f96953ee19526e49e4189403a2be21fb3",
        "version" : "8.3.1"
      }
    },
    {
      "identity" : "shcontainers",
      "kind" : "remoteSourceControl",
      "location" : "https://github.com/samuelhe52/SHContainers.git",
      "state" : {
        "branch" : "main",
        "revision" : "17ae5296d62023cdbcd1554dd9dcb7ee585ada54"
      }
    },
    {
      "identity" : "swift-collections",
      "kind" : "remoteSourceControl",
      "location" : "https://github.com/apple/swift-collections.git",
      "state" : {
        "revision" : "671108c96644956dddcd89dd59c203dcdb36cec7",
        "version" : "1.1.4"
      }
    },
    {
      "identity" : "tmdb",
      "kind" : "remoteSourceControl",
      "location" : "https://github.com/adamayoung/TMDb",
      "state" : {
        "revision" : "edbaefe23929ca109e1e1512e8d6a660d501a6de",
        "version" : "13.3.0"
      }
    }
  ],
  "version" : 3
}
